
Microsoft Visual Studio Solution File, Format Version 12.00
# Visual Studio 15
VisualStudioVersion = 15.0.28307.1082
MinimumVisualStudioVersion = 10.0.40219.1
Project("{FAE04EC0-301F-11D3-BF4B-00C04F79EFBC}") = "NameSorter", "name-sorter\NameSorter.csproj", "{8EEAA909-A053-4AEC-B72C-368F78793082}"
EndProject
Project("{FAE04EC0-301F-11D3-BF4B-00C04F79EFBC}") = "NameSorterTests", "NameSorterTests1\NameSorterTests.csproj", "{3594086F-E257-4F07-B67B-C95E124A278A}"
EndProject
Global
	GlobalSection(SolutionConfigurationPlatforms) = preSolution
		Debug|Any CPU = Debug|Any CPU
		Release|Any CPU = Release|Any CPU
	EndGlobalSection
	GlobalSection(ProjectConfigurationPlatforms) = postSolution
		{8EEAA909-A053-4AEC-B72C-368F78793082}.Debug|Any CPU.ActiveCfg = Debug|Any CPU
		{8EEAA909-A053-4AEC-B72C-368F78793082}.Debug|Any CPU.Build.0 = Debug|Any CPU
		{8EEAA909-A053-4AEC-B72C-368F78793082}.Release|Any CPU.ActiveCfg = Release|Any CPU
		{8EEAA909-A053-4AEC-B72C-368F78793082}.Release|Any CPU.Build.0 = Release|Any CPU
		{3594086F-E257-4F07-B67B-C95E124A278A}.Debug|Any CPU.ActiveCfg = Debug|Any CPU
		{3594086F-E257-4F07-B67B-C95E124A278A}.Debug|Any CPU.Build.0 = Debug|Any CPU
		{3594086F-E257-4F07-B67B-C95E124A278A}.Release|Any CPU.ActiveCfg = Release|Any CPU
		{3594086F-E257-4F07-B67B-C95E124A278A}.Release|Any CPU.Build.0 = Release|Any CPU
	EndGlobalSection
	GlobalSection(SolutionProperties) = preSolution
		HideSolutionNode = FALSE
	EndGlobalSection
	GlobalSection(ExtensibilityGlobals) = postSolution
		SolutionGuid = {39AE9094-8D48-4287-A623-B99044AE27BC}
	EndGlobalSection
EndGlobal
